// !$*UTF8*$!
{
	archiveVersion = 1;
	classes = {
	};
	objectVersion = 56;
	objects = {

/* Begin PBXBuildFile section */
		67B5A7C22B790E3500EB66B1 /* ExpenzoApp.swift in Sources */ = {isa = PBXBuildFile; fileRef = 67B5A7C12B790E3500EB66B1 /* ExpenzoApp.swift */; };
		67B5A7C42B790E3500EB66B1 /* ContentView.swift in Sources */ = {isa = PBXBuildFile; fileRef = 67B5A7C32B790E3500EB66B1 /* ContentView.swift */; };
		67B5A7C62B790E3500EB66B1 /* Item.swift in Sources */ = {isa = PBXBuildFile; fileRef = 67B5A7C52B790E3500EB66B1 /* Item.swift */; };
		67B5A7C82B790E3600EB66B1 /* Assets.xcassets in Resources */ = {isa = PBXBuildFile; fileRef = 67B5A7C72B790E3600EB66B1 /* Assets.xcassets */; };
		67B5A7CB2B790E3600EB66B1 /* Preview Assets.xcassets in Resources */ = {isa = PBXBuildFile; fileRef = 67B5A7CA2B790E3600EB66B1 /* Preview Assets.xcassets */; };
		67BBCE3B2B7EB7040012D968 /* Transactions.swift in Sources */ = {isa = PBXBuildFile; fileRef = 67BBCE3A2B7EB7040012D968 /* Transactions.swift */; };
		67BBCE3D2B7EBA510012D968 /* TransactionListItem.swift in Sources */ = {isa = PBXBuildFile; fileRef = 67BBCE3C2B7EBA510012D968 /* TransactionListItem.swift */; };
		67D37F152B7A1CC8000CE4A3 /* HomeView.swift in Sources */ = {isa = PBXBuildFile; fileRef = 67D37F142B7A1CC8000CE4A3 /* HomeView.swift */; };
		67D37F172B7A2AE8000CE4A3 /* SpendBarChart.swift in Sources */ = {isa = PBXBuildFile; fileRef = 67D37F162B7A2AE8000CE4A3 /* SpendBarChart.swift */; };
		67D37F192B7A31C7000CE4A3 /* ExpenseChart.swift in Sources */ = {isa = PBXBuildFile; fileRef = 67D37F182B7A31C7000CE4A3 /* ExpenseChart.swift */; };
/* End PBXBuildFile section */

/* Begin PBXFileReference section */
		67B5A7BE2B790E3500EB66B1 /* Expenzo.app */ = {isa = PBXFileReference; explicitFileType = wrapper.application; includeInIndex = 0; path = Expenzo.app; sourceTree = BUILT_PRODUCTS_DIR; };
		67B5A7C12B790E3500EB66B1 /* ExpenzoApp.swift */ = {isa = PBXFileReference; lastKnownFileType = sourcecode.swift; path = ExpenzoApp.swift; sourceTree = "<group>"; };
		67B5A7C32B790E3500EB66B1 /* ContentView.swift */ = {isa = PBXFileReference; lastKnownFileType = sourcecode.swift; path = ContentView.swift; sourceTree = "<group>"; };
		67B5A7C52B790E3500EB66B1 /* Item.swift */ = {isa = PBXFileReference; lastKnownFileType = sourcecode.swift; path = Item.swift; sourceTree = "<group>"; };
		67B5A7C72B790E3600EB66B1 /* Assets.xcassets */ = {isa = PBXFileReference; lastKnownFileType = folder.assetcatalog; path = Assets.xcassets; sourceTree = "<group>"; };
		67B5A7CA2B790E3600EB66B1 /* Preview Assets.xcassets */ = {isa = PBXFileReference; lastKnownFileType = folder.assetcatalog; path = "Preview Assets.xcassets"; sourceTree = "<group>"; };
		67B5A7CC2B790E3600EB66B1 /* Expenzo.entitlements */ = {isa = PBXFileReference; lastKnownFileType = text.plist.entitlements; path = Expenzo.entitlements; sourceTree = "<group>"; };
		67B5A7CD2B790E3600EB66B1 /* Info.plist */ = {isa = PBXFileReference; lastKnownFileType = text.plist.xml; path = Info.plist; sourceTree = "<group>"; };
		67BBCE3A2B7EB7040012D968 /* Transactions.swift */ = {isa = PBXFileReference; lastKnownFileType = sourcecode.swift; path = Transactions.swift; sourceTree = "<group>"; };
		67BBCE3C2B7EBA510012D968 /* TransactionListItem.swift */ = {isa = PBXFileReference; lastKnownFileType = sourcecode.swift; path = TransactionListItem.swift; sourceTree = "<group>"; };
		67D37F142B7A1CC8000CE4A3 /* HomeView.swift */ = {isa = PBXFileReference; lastKnownFileType = sourcecode.swift; path = HomeView.swift; sourceTree = "<group>"; };
		67D37F162B7A2AE8000CE4A3 /* SpendBarChart.swift */ = {isa = PBXFileReference; lastKnownFileType = sourcecode.swift; path = SpendBarChart.swift; sourceTree = "<group>"; };
		67D37F182B7A31C7000CE4A3 /* ExpenseChart.swift */ = {isa = PBXFileReference; lastKnownFileType = sourcecode.swift; path = ExpenseChart.swift; sourceTree = "<group>"; };
/* End PBXFileReference section */

/* Begin PBXFrameworksBuildPhase section */
		67B5A7BB2B790E3500EB66B1 /* Frameworks */ = {
			isa = PBXFrameworksBuildPhase;
			buildActionMask = 2147483647;
			files = (
			);
			runOnlyForDeploymentPostprocessing = 0;
		};
/* End PBXFrameworksBuildPhase section */

/* Begin PBXGroup section */
		67B5A7B52B790E3500EB66B1 = {
			isa = PBXGroup;
			children = (
				67B5A7C02B790E3500EB66B1 /* Expenzo */,
				67B5A7BF2B790E3500EB66B1 /* Products */,
			);
			sourceTree = "<group>";
		};
		67B5A7BF2B790E3500EB66B1 /* Products */ = {
			isa = PBXGroup;
			children = (
				67B5A7BE2B790E3500EB66B1 /* Expenzo.app */,
			);
			name = Products;
			sourceTree = "<group>";
		};
		67B5A7C02B790E3500EB66B1 /* Expenzo */ = {
			isa = PBXGroup;
			children = (
				67B5A7C12B790E3500EB66B1 /* ExpenzoApp.swift */,
				67B5A7C32B790E3500EB66B1 /* ContentView.swift */,
				67B5A7C52B790E3500EB66B1 /* Item.swift */,
				67B5A7C72B790E3600EB66B1 /* Assets.xcassets */,
				67B5A7CC2B790E3600EB66B1 /* Expenzo.entitlements */,
				67B5A7CD2B790E3600EB66B1 /* Info.plist */,
				67B5A7C92B790E3600EB66B1 /* Preview Content */,
				67D37F142B7A1CC8000CE4A3 /* HomeView.swift */,
				67D37F162B7A2AE8000CE4A3 /* SpendBarChart.swift */,
				67D37F182B7A31C7000CE4A3 /* ExpenseChart.swift */,
				67BBCE3A2B7EB7040012D968 /* Transactions.swift */,
				67BBCE3C2B7EBA510012D968 /* TransactionListItem.swift */,
			);
			path = Expenzo;
			sourceTree = "<group>";
		};
		67B5A7C92B790E3600EB66B1 /* Preview Content */ = {
			isa = PBXGroup;
			children = (
				67B5A7CA2B790E3600EB66B1 /* Preview Assets.xcassets */,
			);
			path = "Preview Content";
			sourceTree = "<group>";
		};
/* End PBXGroup section */

/* Begin PBXNativeTarget section */
		67B5A7BD2B790E3500EB66B1 /* Expenzo */ = {
			isa = PBXNativeTarget;
			buildConfigurationList = 67B5A7D02B790E3600EB66B1 /* Build configuration list for PBXNativeTarget "Expenzo" */;
			buildPhases = (
				67B5A7BA2B790E3500EB66B1 /* Sources */,
				67B5A7BB2B790E3500EB66B1 /* Frameworks */,
				67B5A7BC2B790E3500EB66B1 /* Resources */,
			);
			buildRules = (
			);
			dependencies = (
			);
			name = Expenzo;
			productName = Expenzo;
			productReference = 67B5A7BE2B790E3500EB66B1 /* Expenzo.app */;
			productType = "com.apple.product-type.application";
		};
/* End PBXNativeTarget section */

/* Begin PBXProject section */
		67B5A7B62B790E3500EB66B1 /* Project object */ = {
			isa = PBXProject;
			attributes = {
				BuildIndependentTargetsInParallel = 1;
				LastSwiftUpdateCheck = 1520;
				LastUpgradeCheck = 1520;
				TargetAttributes = {
					67B5A7BD2B790E3500EB66B1 = {
						CreatedOnToolsVersion = 15.2;
					};
				};
			};
			buildConfigurationList = 67B5A7B92B790E3500EB66B1 /* Build configuration list for PBXProject "Expenzo" */;
			compatibilityVersion = "Xcode 14.0";
			developmentRegion = en;
			hasScannedForEncodings = 0;
			knownRegions = (
				en,
				Base,
			);
			mainGroup = 67B5A7B52B790E3500EB66B1;
			productRefGroup = 67B5A7BF2B790E3500EB66B1 /* Products */;
			projectDirPath = "";
			projectRoot = "";
			targets = (
				67B5A7BD2B790E3500EB66B1 /* Expenzo */,
			);
		};
/* End PBXProject section */

/* Begin PBXResourcesBuildPhase section */
		67B5A7BC2B790E3500EB66B1 /* Resources */ = {
			isa = PBXResourcesBuildPhase;
			buildActionMask = 2147483647;
			files = (
				67B5A7CB2B790E3600EB66B1 /* Preview Assets.xcassets in Resources */,
				67B5A7C82B790E3600EB66B1 /* Assets.xcassets in Resources */,
			);
			runOnlyForDeploymentPostprocessing = 0;
		};
/* End PBXResourcesBuildPhase section */

/* Begin PBXSourcesBuildPhase section */
		67B5A7BA2B790E3500EB66B1 /* Sources */ = {
			isa = PBXSourcesBuildPhase;
			buildActionMask = 2147483647;
			files = (
				67B5A7C42B790E3500EB66B1 /* ContentView.swift in Sources */,
				67D37F152B7A1CC8000CE4A3 /* HomeView.swift in Sources */,
				67BBCE3B2B7EB7040012D968 /* Transactions.swift in Sources */,
				67B5A7C62B790E3500EB66B1 /* Item.swift in Sources */,
				67D37F172B7A2AE8000CE4A3 /* SpendBarChart.swift in Sources */,
				67BBCE3D2B7EBA510012D968 /* TransactionListItem.swift in Sources */,
				67B5A7C22B790E3500EB66B1 /* ExpenzoApp.swift in Sources */,
				67D37F192B7A31C7000CE4A3 /* ExpenseChart.swift in Sources */,
			);
			runOnlyForDeploymentPostprocessing = 0;
		};
/* End PBXSourcesBuildPhase section */

/* Begin XCBuildConfiguration section */
		67B5A7CE2B790E3600EB66B1 /* Debug */ = {
			isa = XCBuildConfiguration;
			buildSettings = {
				ALWAYS_SEARCH_USER_PATHS = NO;
				ASSETCATALOG_COMPILER_GENERATE_SWIFT_ASSET_SYMBOL_EXTENSIONS = YES;
				CLANG_ANALYZER_NONNULL = YES;
				CLANG_ANALYZER_NUMBER_OBJECT_CONVERSION = YES_AGGRESSIVE;
				CLANG_CXX_LANGUAGE_STANDARD = "gnu++20";
				CLANG_ENABLE_MODULES = YES;
				CLANG_ENABLE_OBJC_ARC = YES;
				CLANG_ENABLE_OBJC_WEAK = YES;
				CLANG_WARN_BLOCK_CAPTURE_AUTORELEASING = YES;
				CLANG_WARN_BOOL_CONVERSION = YES;
				CLANG_WARN_COMMA = YES;
				CLANG_WARN_CONSTANT_CONVERSION = YES;
				CLANG_WARN_DEPRECATED_OBJC_IMPLEMENTATIONS = YES;
				CLANG_WARN_DIRECT_OBJC_ISA_USAGE = YES_ERROR;
				CLANG_WARN_DOCUMENTATION_COMMENTS = YES;
				CLANG_WARN_EMPTY_BODY = YES;
				CLANG_WARN_ENUM_CONVERSION = YES;
				CLANG_WARN_INFINITE_RECURSION = YES;
				CLANG_WARN_INT_CONVERSION = YES;
				CLANG_WARN_NON_LITERAL_NULL_CONVERSION = YES;
				CLANG_WARN_OBJC_IMPLICIT_RETAIN_SELF = YES;
				CLANG_WARN_OBJC_LITERAL_CONVERSION = YES;
				CLANG_WARN_OBJC_ROOT_CLASS = YES_ERROR;
				CLANG_WARN_QUOTED_INCLUDE_IN_FRAMEWORK_HEADER = YES;
				CLANG_WARN_RANGE_LOOP_ANALYSIS = YES;
				CLANG_WARN_STRICT_PROTOTYPES = YES;
				CLANG_WARN_SUSPICIOUS_MOVE = YES;
				CLANG_WARN_UNGUARDED_AVAILABILITY = YES_AGGRESSIVE;
				CLANG_WARN_UNREACHABLE_CODE = YES;
				CLANG_WARN__DUPLICATE_METHOD_MATCH = YES;
				COPY_PHASE_STRIP = NO;
				DEBUG_INFORMATION_FORMAT = dwarf;
				ENABLE_STRICT_OBJC_MSGSEND = YES;
				ENABLE_TESTABILITY = YES;
				ENABLE_USER_SCRIPT_SANDBOXING = YES;
				GCC_C_LANGUAGE_STANDARD = gnu17;
				GCC_DYNAMIC_NO_PIC = NO;
				GCC_NO_COMMON_BLOCKS = YES;
				GCC_OPTIMIZATION_LEVEL = 0;
				GCC_PREPROCESSOR_DEFINITIONS = (
					"DEBUG=1",
					"$(inherited)",
				);
				GCC_WARN_64_TO_32_BIT_CONVERSION = YES;
				GCC_WARN_ABOUT_RETURN_TYPE = YES_ERROR;
				GCC_WARN_UNDECLARED_SELECTOR = YES;
				GCC_WARN_UNINITIALIZED_AUTOS = YES_AGGRESSIVE;
				GCC_WARN_UNUSED_FUNCTION = YES;
				GCC_WARN_UNUSED_VARIABLE = YES;
				IPHONEOS_DEPLOYMENT_TARGET = 17.2;
				LOCALIZATION_PREFERS_STRING_CATALOGS = YES;
				MTL_ENABLE_DEBUG_INFO = INCLUDE_SOURCE;
				MTL_FAST_MATH = YES;
				ONLY_ACTIVE_ARCH = YES;
				SDKROOT = iphoneos;
				SWIFT_ACTIVE_COMPILATION_CONDITIONS = "DEBUG $(inherited)";
				SWIFT_OPTIMIZATION_LEVEL = "-Onone";
			};
			name = Debug;
		};
		67B5A7CF2B790E3600EB66B1 /* Release */ = {
			isa = XCBuildConfiguration;
			buildSettings = {
				ALWAYS_SEARCH_USER_PATHS = NO;
				ASSETCATALOG_COMPILER_GENERATE_SWIFT_ASSET_SYMBOL_EXTENSIONS = YES;
				CLANG_ANALYZER_NONNULL = YES;
				CLANG_ANALYZER_NUMBER_OBJECT_CONVERSION = YES_AGGRESSIVE;
				CLANG_CXX_LANGUAGE_STANDARD = "gnu++20";
				CLANG_ENABLE_MODULES = YES;
				CLANG_ENABLE_OBJC_ARC = YES;
				CLANG_ENABLE_OBJC_WEAK = YES;
				CLANG_WARN_BLOCK_CAPTURE_AUTORELEASING = YES;
				CLANG_WARN_BOOL_CONVERSION = YES;
				CLANG_WARN_COMMA = YES;
				CLANG_WARN_CONSTANT_CONVERSION = YES;
				CLANG_WARN_DEPRECATED_OBJC_IMPLEMENTATIONS = YES;
				CLANG_WARN_DIRECT_OBJC_ISA_USAGE = YES_ERROR;
				CLANG_WARN_DOCUMENTATION_COMMENTS = YES;
				CLANG_WARN_EMPTY_BODY = YES;
				CLANG_WARN_ENUM_CONVERSION = YES;
				CLANG_WARN_INFINITE_RECURSION = YES;
				CLANG_WARN_INT_CONVERSION = YES;
				CLANG_WARN_NON_LITERAL_NULL_CONVERSION = YES;
				CLANG_WARN_OBJC_IMPLICIT_RETAIN_SELF = YES;
				CLANG_WARN_OBJC_LITERAL_CONVERSION = YES;
				CLANG_WARN_OBJC_ROOT_CLASS = YES_ERROR;
				CLANG_WARN_QUOTED_INCLUDE_IN_FRAMEWORK_HEADER = YES;
				CLANG_WARN_RANGE_LOOP_ANALYSIS = YES;
				CLANG_WARN_STRICT_PROTOTYPES = YES;
				CLANG_WARN_SUSPICIOUS_MOVE = YES;
				CLANG_WARN_UNGUARDED_AVAILABILITY = YES_AGGRESSIVE;
				CLANG_WARN_UNREACHABLE_CODE = YES;
				CLANG_WARN__DUPLICATE_METHOD_MATCH = YES;
				COPY_PHASE_STRIP = NO;
				DEBUG_INFORMATION_FORMAT = "dwarf-with-dsym";
				ENABLE_NS_ASSERTIONS = NO;
				ENABLE_STRICT_OBJC_MSGSEND = YES;
				ENABLE_USER_SCRIPT_SANDBOXING = YES;
				GCC_C_LANGUAGE_STANDARD = gnu17;
				GCC_NO_COMMON_BLOCKS = YES;
				GCC_WARN_64_TO_32_BIT_CONVERSION = YES;
				GCC_WARN_ABOUT_RETURN_TYPE = YES_ERROR;
				GCC_WARN_UNDECLARED_SELECTOR = YES;
				GCC_WARN_UNINITIALIZED_AUTOS = YES_AGGRESSIVE;
				GCC_WARN_UNUSED_FUNCTION = YES;
				GCC_WARN_UNUSED_VARIABLE = YES;
				IPHONEOS_DEPLOYMENT_TARGET = 17.2;
				LOCALIZATION_PREFERS_STRING_CATALOGS = YES;
				MTL_ENABLE_DEBUG_INFO = NO;
				MTL_FAST_MATH = YES;
				SDKROOT = iphoneos;
				SWIFT_COMPILATION_MODE = wholemodule;
				VALIDATE_PRODUCT = YES;
			};
			name = Release;
		};
		67B5A7D12B790E3600EB66B1 /* Debug */ = {
			isa = XCBuildConfiguration;
			buildSettings = {
				ASSETCATALOG_COMPILER_APPICON_NAME = AppIcon;
				ASSETCATALOG_COMPILER_GLOBAL_ACCENT_COLOR_NAME = AccentColor;
				CODE_SIGN_ENTITLEMENTS = Expenzo/Expenzo.entitlements;
				CODE_SIGN_IDENTITY = "Apple Development";
				CODE_SIGN_STYLE = Automatic;
				CURRENT_PROJECT_VERSION = 1;
				DEVELOPMENT_ASSET_PATHS = "\"Expenzo/Preview Content\"";
				DEVELOPMENT_TEAM = Z52G8LBYU6;
				ENABLE_PREVIEWS = YES;
				GENERATE_INFOPLIST_FILE = YES;
				INFOPLIST_FILE = Expenzo/Info.plist;
				INFOPLIST_KEY_UIApplicationSceneManifest_Generation = YES;
				INFOPLIST_KEY_UIApplicationSupportsIndirectInputEvents = YES;
				INFOPLIST_KEY_UILaunchScreen_Generation = YES;
				INFOPLIST_KEY_UISupportedInterfaceOrientations_iPad = "UIInterfaceOrientationPortrait UIInterfaceOrientationPortraitUpsideDown UIInterfaceOrientationLandscapeLeft UIInterfaceOrientationLandscapeRight";
				INFOPLIST_KEY_UISupportedInterfaceOrientations_iPhone = "UIInterfaceOrientationPortrait UIInterfaceOrientationLandscapeLeft UIInterfaceOrientationLandscapeRight";
				LD_RUNPATH_SEARCH_PATHS = (
					"$(inherited)",
					"@executable_path/Frameworks",
				);
				MARKETING_VERSION = 1.0;
				PRODUCT_BUNDLE_IDENTIFIER = com.apps.Expenzo;
				PRODUCT_NAME = "$(TARGET_NAME)";
				PROVISIONING_PROFILE_SPECIFIER = "";
				SWIFT_EMIT_LOC_STRINGS = YES;
				SWIFT_VERSION = 5.0;
				TARGETED_DEVICE_FAMILY = "1,2";
			};
			name = Debug;
		};
		67B5A7D22B790E3600EB66B1 /* Release */ = {
			isa = XCBuildConfiguration;
			buildSettings = {
				ASSETCATALOG_COMPILER_APPICON_NAME = AppIcon;
				ASSETCATALOG_COMPILER_GLOBAL_ACCENT_COLOR_NAME = AccentColor;
				CODE_SIGN_ENTITLEMENTS = Expenzo/Expenzo.entitlements;
				CODE_SIGN_IDENTITY = "Apple Development";
				CODE_SIGN_STYLE = Automatic;
				CURRENT_PROJECT_VERSION = 1;
				DEVELOPMENT_ASSET_PATHS = "\"Expenzo/Preview Content\"";
				DEVELOPMENT_TEAM = Z52G8LBYU6;
				ENABLE_PREVIEWS = YES;
				GENERATE_INFOPLIST_FILE = YES;
				INFOPLIST_FILE = Expenzo/Info.plist;
				INFOPLIST_KEY_UIApplicationSceneManifest_Generation = YES;
				INFOPLIST_KEY_UIApplicationSupportsIndirectInputEvents = YES;
				INFOPLIST_KEY_UILaunchScreen_Generation = YES;
				INFOPLIST_KEY_UISupportedInterfaceOrientations_iPad = "UIInterfaceOrientationPortrait UIInterfaceOrientationPortraitUpsideDown UIInterfaceOrientationLandscapeLeft UIInterfaceOrientationLandscapeRight";
				INFOPLIST_KEY_UISupportedInterfaceOrientations_iPhone = "UIInterfaceOrientationPortrait UIInterfaceOrientationLandscapeLeft UIInterfaceOrientationLandscapeRight";
				LD_RUNPATH_SEARCH_PATHS = (
					"$(inherited)",
					"@executable_path/Frameworks",
				);
				MARKETING_VERSION = 1.0;
				PRODUCT_BUNDLE_IDENTIFIER = com.apps.Expenzo;
				PRODUCT_NAME = "$(TARGET_NAME)";
				PROVISIONING_PROFILE_SPECIFIER = "";
				SWIFT_EMIT_LOC_STRINGS = YES;
				SWIFT_VERSION = 5.0;
				TARGETED_DEVICE_FAMILY = "1,2";
			};
			name = Release;
		};
/* End XCBuildConfiguration section */

/* Begin XCConfigurationList section */
		67B5A7B92B790E3500EB66B1 /* Build configuration list for PBXProject "Expenzo" */ = {
			isa = XCConfigurationList;
			buildConfigurations = (
				67B5A7CE2B790E3600EB66B1 /* Debug */,
				67B5A7CF2B790E3600EB66B1 /* Release */,
			);
			defaultConfigurationIsVisible = 0;
			defaultConfigurationName = Release;
		};
		67B5A7D02B790E3600EB66B1 /* Build configuration list for PBXNativeTarget "Expenzo" */ = {
			isa = XCConfigurationList;
			buildConfigurations = (
				67B5A7D12B790E3600EB66B1 /* Debug */,
				67B5A7D22B790E3600EB66B1 /* Release */,
			);
			defaultConfigurationIsVisible = 0;
			defaultConfigurationName = Release;
		};
/* End XCConfigurationList section */
	};
	rootObject = 67B5A7B62B790E3500EB66B1 /* Project object */;
}
